id: prowess_signal_generator
label: Signal Generator
category: '[PROWESS]'

templates:
  imports: from gnuradio import prowess
  make: prowess.signal_generator(${configuration})

#  Make one 'parameters' list entry for every parameter you want settable from the GUI.
#     Keys include:
#     * id (makes the value accessible as keyname, e.g. in the make entry)
#     * label (label shown in the GUI)
#     * dtype (e.g. int, float, complex, byte, short, xxx_vector, ...)
#     * default
parameters:
- id: configuration
  label: Configuration File
  dtype: string
  default: '/path/to/config.json'

#  Make one 'inputs' list entry per input and one 'outputs' list entry per output.
#  Keys include:
#      * label (an identifier for the GUI)
#      * domain (optional - stream or message. Default is stream)
#      * dtype (e.g. int, float, complex, byte, short, xxx_vector, ...)
#      * vlen (optional - data stream vector length. Default is 1)
#      * optional (optional - set to 1 for optional inputs. Default is 0)
outputs:
- label: out
  domain: stream
  dtype: float

file_format: 1
